
Microsoft Visual Studio Solution File, Format Version 12.00
# Visual Studio Version 16
VisualStudioVersion = 16.0.30709.132
MinimumVisualStudioVersion = 10.0.40219.1
Project("{8BC9CEB8-8B4A-11D0-8D11-00A0C91BC942}") = "Practice3_3", "Practice3_3\Practice3_3.vcxproj", "{EA687150-FB71-40EB-8097-89D469B97612}"
EndProject
Global
	GlobalSection(SolutionConfigurationPlatforms) = preSolution
		Debug|x64 = Debug|x64
		Debug|x86 = Debug|x86
		Release|x64 = Release|x64
		Release|x86 = Release|x86
	EndGlobalSection
	GlobalSection(ProjectConfigurationPlatforms) = postSolution
		{EA687150-FB71-40EB-8097-89D469B97612}.Debug|x64.ActiveCfg = Debug|x64
		{EA687150-FB71-40EB-8097-89D469B97612}.Debug|x64.Build.0 = Debug|x64
		{EA687150-FB71-40EB-8097-89D469B97612}.Debug|x86.ActiveCfg = Debug|Win32
		{EA687150-FB71-40EB-8097-89D469B97612}.Debug|x86.Build.0 = Debug|Win32
		{EA687150-FB71-40EB-8097-89D469B97612}.Release|x64.ActiveCfg = Release|x64
		{EA687150-FB71-40EB-8097-89D469B97612}.Release|x64.Build.0 = Release|x64
		{EA687150-FB71-40EB-8097-89D469B97612}.Release|x86.ActiveCfg = Release|Win32
		{EA687150-FB71-40EB-8097-89D469B97612}.Release|x86.Build.0 = Release|Win32
	EndGlobalSection
	GlobalSection(SolutionProperties) = preSolution
		HideSolutionNode = FALSE
	EndGlobalSection
	GlobalSection(ExtensibilityGlobals) = postSolution
		SolutionGuid = {79D4CAEC-B81F-4699-8FB9-29FA1F132CA0}
	EndGlobalSection
EndGlobal
